
Microsoft Visual Studio Solution File, Format Version 12.00
# Visual Studio Version 16
VisualStudioVersion = 16.0.30804.86
MinimumVisualStudioVersion = 10.0.40219.1
Project("{9A19103F-16F7-4668-BE54-9A1E7A4F7556}") = "Reverse_Analytics", "Reverse_Analytics\Reverse_Analytics.csproj", "{BB64205F-AA76-438D-AB2E-AA5ADFA483C4}"
EndProject
Project("{9A19103F-16F7-4668-BE54-9A1E7A4F7556}") = "Reverse.Core", "Reverse_Analytics.Core\Reverse.Core.csproj", "{7255A8DF-C9C6-45E7-93E4-B928A99C413C}"
EndProject
Project("{2150E333-8FDC-42A3-9474-1A3956D46DE8}") = "Modules", "Modules", "{53F10B28-0379-42D4-A147-45C9B3A3799E}"
EndProject
Project("{2150E333-8FDC-42A3-9474-1A3956D46DE8}") = "Services", "Services", "{BBF262A1-B7DF-4814-8582-22ACD7796BD5}"
EndProject
Project("{9A19103F-16F7-4668-BE54-9A1E7A4F7556}") = "Reverse.Services", "Services\Reverse.Services\Reverse.Services.csproj", "{C15BEABB-DE16-45B7-983C-3E1C69179600}"
EndProject
Project("{9A19103F-16F7-4668-BE54-9A1E7A4F7556}") = "Reverse.Services.Interfaces", "Services\Reverse.Services.Interfaces\Reverse.Services.Interfaces.csproj", "{4E853FDA-5C50-41E8-8C6C-9874181376B1}"
EndProject
Project("{2150E333-8FDC-42A3-9474-1A3956D46DE8}") = "Infrastructure", "Infrastructure", "{72500AAF-1DE9-4FC7-9CD5-402DED3A0E49}"
EndProject
Project("{9A19103F-16F7-4668-BE54-9A1E7A4F7556}") = "Reverse.Infrastructure.Entities", "Infrastructure\Reverse.Entities\Reverse.Infrastructure.Entities.csproj", "{43741BFB-A5E9-4D0B-8C83-D96EF39B3D36}"
EndProject
Project("{9A19103F-16F7-4668-BE54-9A1E7A4F7556}") = "Reverse.Infrastructure.Models", "Infrastructure\Reverse.Models\Reverse.Infrastructure.Models.csproj", "{1F48EA02-9214-45F7-A7B8-EAACB37DD430}"
EndProject
Project("{9A19103F-16F7-4668-BE54-9A1E7A4F7556}") = "Reverse.Modules.Forms", "Modules\Reverse.Modules.Forms\Reverse.Modules.Forms.csproj", "{D75ADFCC-0BE1-4407-BA13-C9F9F809FE28}"
EndProject
Project("{9A19103F-16F7-4668-BE54-9A1E7A4F7556}") = "Reverse.Modules.ModuleNames", "Modules\Reverse.Modules.ModuleNames\Reverse.Modules.ModuleNames.csproj", "{FB48014F-0B03-4D3C-90D6-0D8EEC73EB34}"
EndProject
Project("{FAE04EC0-301F-11D3-BF4B-00C04F79EFBC}") = "Reverse.Infrastructure.CustomControls", "Infrastructure\Reverse.Infrastructure.CustomControls\Reverse.Infrastructure.CustomControls.csproj", "{3E671555-4A3E-4214-B282-8332B1585101}"
EndProject
Global
	GlobalSection(SolutionConfigurationPlatforms) = preSolution
		Debug|Any CPU = Debug|Any CPU
		Release|Any CPU = Release|Any CPU
	EndGlobalSection
	GlobalSection(ProjectConfigurationPlatforms) = postSolution
		{BB64205F-AA76-438D-AB2E-AA5ADFA483C4}.Debug|Any CPU.ActiveCfg = Debug|Any CPU
		{BB64205F-AA76-438D-AB2E-AA5ADFA483C4}.Debug|Any CPU.Build.0 = Debug|Any CPU
		{BB64205F-AA76-438D-AB2E-AA5ADFA483C4}.Release|Any CPU.ActiveCfg = Release|Any CPU
		{BB64205F-AA76-438D-AB2E-AA5ADFA483C4}.Release|Any CPU.Build.0 = Release|Any CPU
		{7255A8DF-C9C6-45E7-93E4-B928A99C413C}.Debug|Any CPU.ActiveCfg = Debug|Any CPU
		{7255A8DF-C9C6-45E7-93E4-B928A99C413C}.Debug|Any CPU.Build.0 = Debug|Any CPU
		{7255A8DF-C9C6-45E7-93E4-B928A99C413C}.Release|Any CPU.ActiveCfg = Release|Any CPU
		{7255A8DF-C9C6-45E7-93E4-B928A99C413C}.Release|Any CPU.Build.0 = Release|Any CPU
		{C15BEABB-DE16-45B7-983C-3E1C69179600}.Debug|Any CPU.ActiveCfg = Debug|Any CPU
		{C15BEABB-DE16-45B7-983C-3E1C69179600}.Debug|Any CPU.Build.0 = Debug|Any CPU
		{C15BEABB-DE16-45B7-983C-3E1C69179600}.Release|Any CPU.ActiveCfg = Release|Any CPU
		{C15BEABB-DE16-45B7-983C-3E1C69179600}.Release|Any CPU.Build.0 = Release|Any CPU
		{4E853FDA-5C50-41E8-8C6C-9874181376B1}.Debug|Any CPU.ActiveCfg = Debug|Any CPU
		{4E853FDA-5C50-41E8-8C6C-9874181376B1}.Debug|Any CPU.Build.0 = Debug|Any CPU
		{4E853FDA-5C50-41E8-8C6C-9874181376B1}.Release|Any CPU.ActiveCfg = Release|Any CPU
		{4E853FDA-5C50-41E8-8C6C-9874181376B1}.Release|Any CPU.Build.0 = Release|Any CPU
		{43741BFB-A5E9-4D0B-8C83-D96EF39B3D36}.Debug|Any CPU.ActiveCfg = Debug|Any CPU
		{43741BFB-A5E9-4D0B-8C83-D96EF39B3D36}.Debug|Any CPU.Build.0 = Debug|Any CPU
		{43741BFB-A5E9-4D0B-8C83-D96EF39B3D36}.Release|Any CPU.ActiveCfg = Release|Any CPU
		{43741BFB-A5E9-4D0B-8C83-D96EF39B3D36}.Release|Any CPU.Build.0 = Release|Any CPU
		{1F48EA02-9214-45F7-A7B8-EAACB37DD430}.Debug|Any CPU.ActiveCfg = Debug|Any CPU
		{1F48EA02-9214-45F7-A7B8-EAACB37DD430}.Debug|Any CPU.Build.0 = Debug|Any CPU
		{1F48EA02-9214-45F7-A7B8-EAACB37DD430}.Release|Any CPU.ActiveCfg = Release|Any CPU
		{1F48EA02-9214-45F7-A7B8-EAACB37DD430}.Release|Any CPU.Build.0 = Release|Any CPU
		{D75ADFCC-0BE1-4407-BA13-C9F9F809FE28}.Debug|Any CPU.ActiveCfg = Debug|Any CPU
		{D75ADFCC-0BE1-4407-BA13-C9F9F809FE28}.Debug|Any CPU.Build.0 = Debug|Any CPU
		{D75ADFCC-0BE1-4407-BA13-C9F9F809FE28}.Release|Any CPU.ActiveCfg = Release|Any CPU
		{D75ADFCC-0BE1-4407-BA13-C9F9F809FE28}.Release|Any CPU.Build.0 = Release|Any CPU
		{FB48014F-0B03-4D3C-90D6-0D8EEC73EB34}.Debug|Any CPU.ActiveCfg = Debug|Any CPU
		{FB48014F-0B03-4D3C-90D6-0D8EEC73EB34}.Debug|Any CPU.Build.0 = Debug|Any CPU
		{FB48014F-0B03-4D3C-90D6-0D8EEC73EB34}.Release|Any CPU.ActiveCfg = Release|Any CPU
		{FB48014F-0B03-4D3C-90D6-0D8EEC73EB34}.Release|Any CPU.Build.0 = Release|Any CPU
		{3E671555-4A3E-4214-B282-8332B1585101}.Debug|Any CPU.ActiveCfg = Debug|Any CPU
		{3E671555-4A3E-4214-B282-8332B1585101}.Debug|Any CPU.Build.0 = Debug|Any CPU
		{3E671555-4A3E-4214-B282-8332B1585101}.Release|Any CPU.ActiveCfg = Release|Any CPU
		{3E671555-4A3E-4214-B282-8332B1585101}.Release|Any CPU.Build.0 = Release|Any CPU
	EndGlobalSection
	GlobalSection(SolutionProperties) = preSolution
		HideSolutionNode = FALSE
	EndGlobalSection
	GlobalSection(NestedProjects) = preSolution
		{C15BEABB-DE16-45B7-983C-3E1C69179600} = {BBF262A1-B7DF-4814-8582-22ACD7796BD5}
		{4E853FDA-5C50-41E8-8C6C-9874181376B1} = {BBF262A1-B7DF-4814-8582-22ACD7796BD5}
		{43741BFB-A5E9-4D0B-8C83-D96EF39B3D36} = {72500AAF-1DE9-4FC7-9CD5-402DED3A0E49}
		{1F48EA02-9214-45F7-A7B8-EAACB37DD430} = {72500AAF-1DE9-4FC7-9CD5-402DED3A0E49}
		{D75ADFCC-0BE1-4407-BA13-C9F9F809FE28} = {53F10B28-0379-42D4-A147-45C9B3A3799E}
		{FB48014F-0B03-4D3C-90D6-0D8EEC73EB34} = {53F10B28-0379-42D4-A147-45C9B3A3799E}
		{3E671555-4A3E-4214-B282-8332B1585101} = {72500AAF-1DE9-4FC7-9CD5-402DED3A0E49}
	EndGlobalSection
	GlobalSection(ExtensibilityGlobals) = postSolution
		SolutionGuid = {6C2310C0-6CFD-4AA6-B571-74ADB6595E1E}
	EndGlobalSection
EndGlobal
